
Microsoft Visual Studio Solution File, Format Version 12.00
# Visual Studio Version 16
VisualStudioVersion = 16.0.29709.97
MinimumVisualStudioVersion = 10.0.40219.1
Project("{FAE04EC0-301F-11D3-BF4B-00C04F79EFBC}") = "Students", "Students\Students.csproj", "{DBB1A9E6-A9FE-4A8D-95FD-4E2229BEB20A}"
EndProject
Global
	GlobalSection(SolutionConfigurationPlatforms) = preSolution
		Debug|Any CPU = Debug|Any CPU
		Release|Any CPU = Release|Any CPU
	EndGlobalSection
	GlobalSection(ProjectConfigurationPlatforms) = postSolution
		{DBB1A9E6-A9FE-4A8D-95FD-4E2229BEB20A}.Debug|Any CPU.ActiveCfg = Debug|Any CPU
		{DBB1A9E6-A9FE-4A8D-95FD-4E2229BEB20A}.Debug|Any CPU.Build.0 = Debug|Any CPU
		{DBB1A9E6-A9FE-4A8D-95FD-4E2229BEB20A}.Release|Any CPU.ActiveCfg = Release|Any CPU
		{DBB1A9E6-A9FE-4A8D-95FD-4E2229BEB20A}.Release|Any CPU.Build.0 = Release|Any CPU
	EndGlobalSection
	GlobalSection(SolutionProperties) = preSolution
		HideSolutionNode = FALSE
	EndGlobalSection
	GlobalSection(ExtensibilityGlobals) = postSolution
		SolutionGuid = {FB58F695-85C6-4601-9C53-7F2767CDF2BF}
	EndGlobalSection
EndGlobal
